
Microsoft Visual Studio Solution File, Format Version 12.00
# Visual Studio 2012
Project("{FAE04EC0-301F-11D3-BF4B-00C04F79EFBC}") = "提督経験値加算器", "提督経験値加算器.csproj", "{89223611-4B42-46DB-A9F8-343613097703}"
EndProject
Global
	GlobalSection(SolutionConfigurationPlatforms) = preSolution
		Debug|Any CPU = Debug|Any CPU
		Release|Any CPU = Release|Any CPU
	EndGlobalSection
	GlobalSection(ProjectConfigurationPlatforms) = postSolution
		{89223611-4B42-46DB-A9F8-343613097703}.Debug|Any CPU.ActiveCfg = Debug|Any CPU
		{89223611-4B42-46DB-A9F8-343613097703}.Debug|Any CPU.Build.0 = Debug|Any CPU
		{89223611-4B42-46DB-A9F8-343613097703}.Release|Any CPU.ActiveCfg = Release|Any CPU
		{89223611-4B42-46DB-A9F8-343613097703}.Release|Any CPU.Build.0 = Release|Any CPU
	EndGlobalSection
	GlobalSection(SolutionProperties) = preSolution
		HideSolutionNode = FALSE
	EndGlobalSection
EndGlobal
